
Microsoft Visual Studio Solution File, Format Version 12.00
# Visual Studio Version 16
VisualStudioVersion = 16.0.29209.62
MinimumVisualStudioVersion = 10.0.40219.1
Project("{FAE04EC0-301F-11D3-BF4B-00C04F79EFBC}") = "WebApp", "WebApp\WebApp.csproj", "{C03F3359-0E6F-43C9-AF58-DA3E4A341682}"
EndProject
Global
	GlobalSection(SolutionConfigurationPlatforms) = preSolution
		Debug|Any CPU = Debug|Any CPU
		Release|Any CPU = Release|Any CPU
	EndGlobalSection
	GlobalSection(ProjectConfigurationPlatforms) = postSolution
		{C03F3359-0E6F-43C9-AF58-DA3E4A341682}.Debug|Any CPU.ActiveCfg = Debug|Any CPU
		{C03F3359-0E6F-43C9-AF58-DA3E4A341682}.Debug|Any CPU.Build.0 = Debug|Any CPU
		{C03F3359-0E6F-43C9-AF58-DA3E4A341682}.Release|Any CPU.ActiveCfg = Release|Any CPU
		{C03F3359-0E6F-43C9-AF58-DA3E4A341682}.Release|Any CPU.Build.0 = Release|Any CPU
	EndGlobalSection
	GlobalSection(SolutionProperties) = preSolution
		HideSolutionNode = FALSE
	EndGlobalSection
	GlobalSection(ExtensibilityGlobals) = postSolution
		SolutionGuid = {856675B4-5E05-43B1-AE50-21CF81CEA432}
	EndGlobalSection
EndGlobal
